
Microsoft Visual Studio Solution File, Format Version 12.00
# Visual Studio Version 16
VisualStudioVersion = 16.0.30907.101
MinimumVisualStudioVersion = 10.0.40219.1
Project("{8BC9CEB8-8B4A-11D0-8D11-00A0C91BC942}") = "AirRaceAutoSplitterPlugin", "AirRaceAutoSplitterPlugin\AirRaceAutoSplitterPlugin.vcxproj", "{A26FA66D-0BF4-4716-8D3E-2399A3049794}"
EndProject
Global
	GlobalSection(SolutionConfigurationPlatforms) = preSolution
		Release|x64 = Release|x64
	EndGlobalSection
	GlobalSection(ProjectConfigurationPlatforms) = postSolution
		{A26FA66D-0BF4-4716-8D3E-2399A3049794}.Release|x64.ActiveCfg = Release|x64
		{A26FA66D-0BF4-4716-8D3E-2399A3049794}.Release|x64.Build.0 = Release|x64
	EndGlobalSection
	GlobalSection(SolutionProperties) = preSolution
		HideSolutionNode = FALSE
	EndGlobalSection
	GlobalSection(ExtensibilityGlobals) = postSolution
		SolutionGuid = {B4FF94BE-07EA-42A4-A095-D55EFF8F7603}
	EndGlobalSection
EndGlobal
